
Microsoft Visual Studio Solution File, Format Version 12.00
# Visual Studio Version 17
VisualStudioVersion = 17.8.34316.72
MinimumVisualStudioVersion = 10.0.40219.1
Project("{FAE04EC0-301F-11D3-BF4B-00C04F79EFBC}") = "BasicCalculator", "BasicCalculator.csproj", "{DA6CF997-E12C-41C5-8ED2-2444062517DC}"
EndProject
Project("{2150E333-8FDC-42A3-9474-1A3956D46DE8}") = "NewFolder1", "NewFolder1", "{38B625BA-801A-4F3C-9B41-38632688F0ED}"
EndProject
Project("{FAE04EC0-301F-11D3-BF4B-00C04F79EFBC}") = "CalculatorPrivateAssembly1", "..\CalculatorPrivateAssembly1\CalculatorPrivateAssembly1.csproj", "{854EC098-D6E7-47EB-973B-1ABFEEDEF53C}"
EndProject
Global
	GlobalSection(SolutionConfigurationPlatforms) = preSolution
		Debug|Any CPU = Debug|Any CPU
		Release|Any CPU = Release|Any CPU
	EndGlobalSection
	GlobalSection(ProjectConfigurationPlatforms) = postSolution
		{DA6CF997-E12C-41C5-8ED2-2444062517DC}.Debug|Any CPU.ActiveCfg = Debug|Any CPU
		{DA6CF997-E12C-41C5-8ED2-2444062517DC}.Debug|Any CPU.Build.0 = Debug|Any CPU
		{DA6CF997-E12C-41C5-8ED2-2444062517DC}.Release|Any CPU.ActiveCfg = Release|Any CPU
		{DA6CF997-E12C-41C5-8ED2-2444062517DC}.Release|Any CPU.Build.0 = Release|Any CPU
		{854EC098-D6E7-47EB-973B-1ABFEEDEF53C}.Debug|Any CPU.ActiveCfg = Debug|Any CPU
		{854EC098-D6E7-47EB-973B-1ABFEEDEF53C}.Debug|Any CPU.Build.0 = Debug|Any CPU
		{854EC098-D6E7-47EB-973B-1ABFEEDEF53C}.Release|Any CPU.ActiveCfg = Release|Any CPU
		{854EC098-D6E7-47EB-973B-1ABFEEDEF53C}.Release|Any CPU.Build.0 = Release|Any CPU
	EndGlobalSection
	GlobalSection(SolutionProperties) = preSolution
		HideSolutionNode = FALSE
	EndGlobalSection
	GlobalSection(ExtensibilityGlobals) = postSolution
		SolutionGuid = {8CB5EE46-21F3-4333-AAD7-A82FA0015BAC}
	EndGlobalSection
EndGlobal
